
Microsoft Visual Studio Solution File, Format Version 12.00
# Visual Studio Version 17
VisualStudioVersion = 17.0.31903.59
MinimumVisualStudioVersion = 10.0.40219.1
Project("{2150E333-8FDC-42A3-9474-1A3956D46DE8}") = "src", "src", "{827E0CD3-B72D-47B6-A68D-7590B98EB39B}"
EndProject
Project("{F2A71F9B-5D33-465A-A702-920D77279786}") = "GrokkingConcurrency.FSharp", "src\GrokkingConcurrency.FSharp.fsproj", "{D1589FC4-8145-4F2F-B4D1-5D87ECD871B1}"
EndProject
Project("{2150E333-8FDC-42A3-9474-1A3956D46DE8}") = "tests", "tests", "{0AB3BF05-4346-4AA6-1389-037BE0695223}"
EndProject
Project("{F2A71F9B-5D33-465A-A702-920D77279786}") = "GrokkingConcurrency.FSharp.Tests", "tests\GrokkingConcurrency.FSharp.Tests.fsproj", "{9FA4D747-98EE-4D9D-A8BE-2B306AFC76C7}"
EndProject
Global
	GlobalSection(SolutionConfigurationPlatforms) = preSolution
		Debug|Any CPU = Debug|Any CPU
		Debug|x64 = Debug|x64
		Debug|x86 = Debug|x86
		Release|Any CPU = Release|Any CPU
		Release|x64 = Release|x64
		Release|x86 = Release|x86
	EndGlobalSection
	GlobalSection(ProjectConfigurationPlatforms) = postSolution
		{D1589FC4-8145-4F2F-B4D1-5D87ECD871B1}.Debug|Any CPU.ActiveCfg = Debug|Any CPU
		{D1589FC4-8145-4F2F-B4D1-5D87ECD871B1}.Debug|Any CPU.Build.0 = Debug|Any CPU
		{D1589FC4-8145-4F2F-B4D1-5D87ECD871B1}.Debug|x64.ActiveCfg = Debug|Any CPU
		{D1589FC4-8145-4F2F-B4D1-5D87ECD871B1}.Debug|x64.Build.0 = Debug|Any CPU
		{D1589FC4-8145-4F2F-B4D1-5D87ECD871B1}.Debug|x86.ActiveCfg = Debug|Any CPU
		{D1589FC4-8145-4F2F-B4D1-5D87ECD871B1}.Debug|x86.Build.0 = Debug|Any CPU
		{D1589FC4-8145-4F2F-B4D1-5D87ECD871B1}.Release|Any CPU.ActiveCfg = Release|Any CPU
		{D1589FC4-8145-4F2F-B4D1-5D87ECD871B1}.Release|Any CPU.Build.0 = Release|Any CPU
		{D1589FC4-8145-4F2F-B4D1-5D87ECD871B1}.Release|x64.ActiveCfg = Release|Any CPU
		{D1589FC4-8145-4F2F-B4D1-5D87ECD871B1}.Release|x64.Build.0 = Release|Any CPU
		{D1589FC4-8145-4F2F-B4D1-5D87ECD871B1}.Release|x86.ActiveCfg = Release|Any CPU
		{D1589FC4-8145-4F2F-B4D1-5D87ECD871B1}.Release|x86.Build.0 = Release|Any CPU
		{9FA4D747-98EE-4D9D-A8BE-2B306AFC76C7}.Debug|Any CPU.ActiveCfg = Debug|Any CPU
		{9FA4D747-98EE-4D9D-A8BE-2B306AFC76C7}.Debug|Any CPU.Build.0 = Debug|Any CPU
		{9FA4D747-98EE-4D9D-A8BE-2B306AFC76C7}.Debug|x64.ActiveCfg = Debug|Any CPU
		{9FA4D747-98EE-4D9D-A8BE-2B306AFC76C7}.Debug|x64.Build.0 = Debug|Any CPU
		{9FA4D747-98EE-4D9D-A8BE-2B306AFC76C7}.Debug|x86.ActiveCfg = Debug|Any CPU
		{9FA4D747-98EE-4D9D-A8BE-2B306AFC76C7}.Debug|x86.Build.0 = Debug|Any CPU
		{9FA4D747-98EE-4D9D-A8BE-2B306AFC76C7}.Release|Any CPU.ActiveCfg = Release|Any CPU
		{9FA4D747-98EE-4D9D-A8BE-2B306AFC76C7}.Release|Any CPU.Build.0 = Release|Any CPU
		{9FA4D747-98EE-4D9D-A8BE-2B306AFC76C7}.Release|x64.ActiveCfg = Release|Any CPU
		{9FA4D747-98EE-4D9D-A8BE-2B306AFC76C7}.Release|x64.Build.0 = Release|Any CPU
		{9FA4D747-98EE-4D9D-A8BE-2B306AFC76C7}.Release|x86.ActiveCfg = Release|Any CPU
		{9FA4D747-98EE-4D9D-A8BE-2B306AFC76C7}.Release|x86.Build.0 = Release|Any CPU
	EndGlobalSection
	GlobalSection(SolutionProperties) = preSolution
		HideSolutionNode = FALSE
	EndGlobalSection
	GlobalSection(NestedProjects) = preSolution
		{D1589FC4-8145-4F2F-B4D1-5D87ECD871B1} = {827E0CD3-B72D-47B6-A68D-7590B98EB39B}
		{9FA4D747-98EE-4D9D-A8BE-2B306AFC76C7} = {0AB3BF05-4346-4AA6-1389-037BE0695223}
	EndGlobalSection
EndGlobal
